
Microsoft Visual Studio Solution File, Format Version 12.00
# Visual Studio Version 17
VisualStudioVersion = 17.0.31903.59
MinimumVisualStudioVersion = 10.0.40219.1
Project("{2150E333-8FDC-42A3-9474-1A3956D46DE8}") = "Core", "Core", "{613279EA-6C74-4F73-8BB2-EBD1194F5A60}"
EndProject
Project("{FAE04EC0-301F-11D3-BF4B-00C04F79EFBC}") = "TrackPro.Domain", "Core\TrackPro.Domain\TrackPro.Domain.csproj", "{FDFE059F-F16C-4645-BA07-5CA62C333EA1}"
EndProject
Project("{FAE04EC0-301F-11D3-BF4B-00C04F79EFBC}") = "TrackPro.Application", "Core\TrackPro.Application\TrackPro.Application.csproj", "{27BF7F46-9722-464D-8A5E-245A235E5DA1}"
EndProject
Project("{2150E333-8FDC-42A3-9474-1A3956D46DE8}") = "Infrastructure", "Infrastructure", "{0AB62EEA-1A68-4E3E-BA5C-13FD7E75D89D}"
EndProject
Project("{FAE04EC0-301F-11D3-BF4B-00C04F79EFBC}") = "TrackPro.Infrastructure", "Infrastructure\TrackPro.Infrastructure\TrackPro.Infrastructure.csproj", "{5D2185CA-3CCD-4EFD-B4BA-27A6E527E7A2}"
EndProject
Project("{2150E333-8FDC-42A3-9474-1A3956D46DE8}") = "API", "API", "{76657F0B-04E0-446D-BA04-F10390B80CC5}"
EndProject
Project("{FAE04EC0-301F-11D3-BF4B-00C04F79EFBC}") = "TrackPro.API", "API\TrackPro.API\TrackPro.API.csproj", "{35DBA922-3656-4FCF-9899-9775C5F4F7B2}"
EndProject
Global
	GlobalSection(SolutionConfigurationPlatforms) = preSolution
		Debug|Any CPU = Debug|Any CPU
		Release|Any CPU = Release|Any CPU
	EndGlobalSection
	GlobalSection(SolutionProperties) = preSolution
		HideSolutionNode = FALSE
	EndGlobalSection
	GlobalSection(ProjectConfigurationPlatforms) = postSolution
		{FDFE059F-F16C-4645-BA07-5CA62C333EA1}.Debug|Any CPU.ActiveCfg = Debug|Any CPU
		{FDFE059F-F16C-4645-BA07-5CA62C333EA1}.Debug|Any CPU.Build.0 = Debug|Any CPU
		{FDFE059F-F16C-4645-BA07-5CA62C333EA1}.Release|Any CPU.ActiveCfg = Release|Any CPU
		{FDFE059F-F16C-4645-BA07-5CA62C333EA1}.Release|Any CPU.Build.0 = Release|Any CPU
		{27BF7F46-9722-464D-8A5E-245A235E5DA1}.Debug|Any CPU.ActiveCfg = Debug|Any CPU
		{27BF7F46-9722-464D-8A5E-245A235E5DA1}.Debug|Any CPU.Build.0 = Debug|Any CPU
		{27BF7F46-9722-464D-8A5E-245A235E5DA1}.Release|Any CPU.ActiveCfg = Release|Any CPU
		{27BF7F46-9722-464D-8A5E-245A235E5DA1}.Release|Any CPU.Build.0 = Release|Any CPU
		{5D2185CA-3CCD-4EFD-B4BA-27A6E527E7A2}.Debug|Any CPU.ActiveCfg = Debug|Any CPU
		{5D2185CA-3CCD-4EFD-B4BA-27A6E527E7A2}.Debug|Any CPU.Build.0 = Debug|Any CPU
		{5D2185CA-3CCD-4EFD-B4BA-27A6E527E7A2}.Release|Any CPU.ActiveCfg = Release|Any CPU
		{5D2185CA-3CCD-4EFD-B4BA-27A6E527E7A2}.Release|Any CPU.Build.0 = Release|Any CPU
		{35DBA922-3656-4FCF-9899-9775C5F4F7B2}.Debug|Any CPU.ActiveCfg = Debug|Any CPU
		{35DBA922-3656-4FCF-9899-9775C5F4F7B2}.Debug|Any CPU.Build.0 = Debug|Any CPU
		{35DBA922-3656-4FCF-9899-9775C5F4F7B2}.Release|Any CPU.ActiveCfg = Release|Any CPU
		{35DBA922-3656-4FCF-9899-9775C5F4F7B2}.Release|Any CPU.Build.0 = Release|Any CPU
	EndGlobalSection
	GlobalSection(NestedProjects) = preSolution
		{FDFE059F-F16C-4645-BA07-5CA62C333EA1} = {613279EA-6C74-4F73-8BB2-EBD1194F5A60}
		{27BF7F46-9722-464D-8A5E-245A235E5DA1} = {613279EA-6C74-4F73-8BB2-EBD1194F5A60}
		{5D2185CA-3CCD-4EFD-B4BA-27A6E527E7A2} = {0AB62EEA-1A68-4E3E-BA5C-13FD7E75D89D}
		{35DBA922-3656-4FCF-9899-9775C5F4F7B2} = {76657F0B-04E0-446D-BA04-F10390B80CC5}
	EndGlobalSection
EndGlobal
